{
  "name": "react-example",
  "version": "0.0.0",
  "lockfileVersion": 3,
  "requires": true,
  "packages": {
    "": {
      "name": "react-example",
      "version": "0.0.0",
      "type": "module",
      "dependencies": {
        "@google/genai": "^2.4.0",
        "@tailwindcss/vite": "^4.1.14",
        "@vitejs/plugin-react": "^5.0.4",
        "lucide-react": "^0.546.0",
        "react": "^19.0.1",
        "react-dom": "^19.0.1",
        "vite": "^6.2.3",
        "express": "^4.21.2",
        "dotenv": "^17.2.3",
        "motion": "^12.23.24"
      },
      "devDependencies": {
        "@types/node": "^22.14.0",
        "autoprefixer": "^10.4.21",
        "esbuild": "^0.25.0",
        "tailwindcss": "^4.1.14",
        "tsx": "^4.21.0",
        "typescript": "~5.8.2",
        "vite": "^6.2.3",
        "@types/express": "^4.17.21"
      }
    },
    "node_modules/@google/genai": {
      "version": "2.4.0",
      "resolved": "https://registry.npmjs.org/@google/genai/-/genai-2.4.0.tgz",
      "integrity": "sha512-w8s8YbD4LWgd1kbhU7f9FhxjJScFqv+8FdN9lCFREX9C7nkpKvX8CZvKXqvvLvW9h7WbDQ9LCdAy97t0Tp9BA=="
    },
    "node_modules/@tailwindcss/vite": {
      "version": "4.1.14",
      "resolved": "https://registry.npmjs.org/@tailwindcss/vite/-/vite-4.1.14.tgz",
      "integrity": "sha512-D5ssdvVCaHEr6cC3l1fVGSKrI5DaQ3RgDvngD5y2Ke/+B/EBDvB9XfrvP7oBTGLSLzGYqF3vJ5xJrMvCjDN+Q==",
      "dependencies": {
        "tailwindcss": "^4.1.14"
      }
    },
    "node_modules/@vitejs/plugin-react": {
      "version": "5.0.4",
      "resolved": "https://registry.npmjs.org/@vitejs/plugin-react/-/plugin-react-5.0.4.tgz",
      "integrity": "sha512-XwvP8O5JFF9Jip0xPyKqwWLqDx3nNpNzxKbS7tTgKYkzKJBfvZ8x1j2d5l5v5Pp0D24PcqR9V0lWcMPLEKCrQ==",
      "peerDependencies": {
        "vite": "^4 || ^5 || ^6"
      }
    },
    "node_modules/lucide-react": {
      "version": "0.546.0",
      "resolved": "https://registry.npmjs.org/lucide-react/-/lucide-react-0.546.0.tgz",
      "integrity": "sha512-ejlPM315qwLpaQlQDTjPdsUFSc6ZsP4AN6AlWnogPjQ7CVi7PYF3YVz+CY3jE2pwYf7E/7HlDAN0rV2GxTG0HQ==",
      "peerDependencies": {
        "react": "^16.5.1 || ^17.0.0 || ^18.0.0 || ^19.0.0"
      }
    },
    "node_modules/react": {
      "version": "19.0.1",
      "resolved": "https://registry.npmjs.org/react/-/react-19.0.1.tgz",
      "integrity": "sha512-GBcqfZwP/TZPk1qBxL3PJ6t7sQzIYXD3d+0SqGk0n8U0TbqVnUU8mFuv6jQmV2OAAI4Zp2F8BnCPLRPqxBiCQ=="
    },
    "node_modules/react-dom": {
      "version": "19.0.1",
      "resolved": "https://registry.npmjs.org/react-dom/-/react-dom-19.0.1.tgz",
      "integrity": "sha512-3vBGfxD3VIwHZ7VDLx4I96nTNQB5xgYfScXwJx9gVpjH0BaJWKdoGDBAyWh0LfgKPuFnmfEkKRz7vkrqj6d3IA==",
      "peerDependencies": {
        "react": "19.0.1"
      }
    },
    "node_modules/vite": {
      "version": "6.2.3",
      "resolved": "https://registry.npmjs.org/vite/-/vite-6.2.3.tgz",
      "integrity": "sha512-H3eYqTy2F3e2VpvQi/LxCEfSzJLVMrLYN3gJCl3r7bR9zGT5lHe3PBHFp+Jf8qLNVhIJ9xG9Zy11dwrLkXXBA==",
      "bin": {
        "vite": "bin/vite.js"
      }
    },
    "node_modules/express": {
      "version": "4.21.2",
      "resolved": "https://registry.npmjs.org/express/-/express-4.21.2.tgz",
      "integrity": "sha512-28HqwMPVhMAdNspS2yZPMQqpaGLlIPHXmT5smLU53cc+dMlY7XR/+cEoJtaVLmKLYrgnn1ul+Hdc/ecS9JjYNA=="
    },
    "node_modules/dotenv": {
      "version": "17.2.3",
      "resolved": "https://registry.npmjs.org/dotenv/-/dotenv-17.2.3.tgz",
      "integrity": "sha512-L0iZzhkNWNHZf4Xj7xEHJKDWXnGGYYZcI0g7N+pj8M8aEg9E1cLc8VK6QnzKnVXXzYjnE+a+bF0yk4qzj8O5w=="
    },
    "node_modules/motion": {
      "version": "12.23.24",
      "resolved": "https://registry.npmjs.org/motion/-/motion-12.23.24.tgz",
      "integrity": "sha512-3/8zYfDXb4CaKQvL/4mHI5T/eW0iLZ0C14b/WVxJNRy7BHrgrxmjvqfNJ+HLfAKL3fGHGLhPmEGXAKoS5LR+g=="
    },
    "node_modules/@types/node": {
      "version": "22.14.0",
      "resolved": "https://registry.npmjs.org/@types/node/-/node-22.14.0.tgz",
      "integrity": "sha512-4GXD5GnU6xgLt+4C8n9UruMCBBrU5jy0YXgJxQa17L43f0v7gWbKkMjQJqpPm4VqR75eHg9q2FmM5/9YzDFG+g==",
      "dev": true
    },
    "node_modules/autoprefixer": {
      "version": "10.4.21",
      "resolved": "https://registry.npmjs.org/autoprefixer/-/autoprefixer-10.4.21.tgz",
      "integrity": "sha512-/hIye+JHc0E7TZ+mz7Y0yBvbhEKNtWNTw7n1ZOOAhYYFsI5+/ArjJkCW4V6qkfWUbk8B68UXrE3R5bm0+JRuCA==",
      "dev": true
    },
    "node_modules/esbuild": {
      "version": "0.25.0",
      "resolved": "https://registry.npmjs.org/esbuild/-/esbuild-0.25.0.tgz",
      "integrity": "sha512-zF4JHlgtVy5jPmNdX8QtkdQ+5RLKSXoTVo5VY4s1iyPvl8nSXBDd8OI0yzJ8i8WRzpIz1qLHJVxpj6h7hMzFQ==",
      "dev": true,
      "bin": {
        "esbuild": "bin/esbuild"
      }
    },
    "node_modules/tailwindcss": {
      "version": "4.1.14",
      "resolved": "https://registry.npmjs.org/tailwindcss/-/tailwindcss-4.1.14.tgz",
      "integrity": "sha512-Kpj2GMNI9Gky4Vr5k3t1mfLJSJlvpJGtGVA/yf55j1HM8u7jJ7XH3nBfMhG8XEakjJlxFeCgVrjbKbF4NXnuA==",
      "dev": true
    },
    "node_modules/tsx": {
      "version": "4.21.0",
      "resolved": "https://registry.npmjs.org/tsx/-/tsx-4.21.0.tgz",
      "integrity": "sha512-I+z0H9+Wd4m+xEu8vvb6sAH0RtSs4kqLGfWATM8JNrF1y4jkqX+wI0LEZLi8lW4UzNL4r++vx0z9BVsHjf7xg==",
      "dev": true,
      "bin": {
        "tsx": "dist/cli.mjs"
      }
    },
    "node_modules/typescript": {
      "version": "5.8.2",
      "resolved": "https://registry.npmjs.org/typescript/-/typescript-5.8.2.tgz",
      "integrity": "sha512-v3+1+lrp27X+UBrjeM2cqCSneK87HLyfVWxJ8yZn6LSIHzcJ7KfslNu96i0DxJchgJqomXQJJYv0nMhu+RsB6Q==",
      "dev": true,
      "bin": {
        "tsc": "bin/tsc",
        "tsserver": "bin/tsserver"
      }
    },
    "node_modules/@types/express": {
      "version": "4.17.21",
      "resolved": "https://registry.npmjs.org/@types/express/-/express-4.17.21.tgz",
      "integrity": "sha512-ejlPM315qwLpaQlQDTjPdsUFSc6ZsP4AN6AlWnogPjQ7CVi7PYF3YVz+CY3jE2pwYf7E/7HlDAN0rV2GxTG0HQ==",
      "dev": true
    }
  }
}
